
Microsoft Visual Studio Solution File, Format Version 12.00
# Visual Studio 15
VisualStudioVersion = 15.0.26730.10
MinimumVisualStudioVersion = 10.0.40219.1
Project("{FAE04EC0-301F-11D3-BF4B-00C04F79EFBC}") = "loadingpanel", "loadingpanel\loadingpanel.csproj", "{07B84540-3BAC-480B-91B6-78E41F90E223}"
EndProject
Global
	GlobalSection(SolutionConfigurationPlatforms) = preSolution
		Debug|Any CPU = Debug|Any CPU
		Release|Any CPU = Release|Any CPU
	EndGlobalSection
	GlobalSection(ProjectConfigurationPlatforms) = postSolution
		{07B84540-3BAC-480B-91B6-78E41F90E223}.Debug|Any CPU.ActiveCfg = Debug|Any CPU
		{07B84540-3BAC-480B-91B6-78E41F90E223}.Debug|Any CPU.Build.0 = Debug|Any CPU
		{07B84540-3BAC-480B-91B6-78E41F90E223}.Release|Any CPU.ActiveCfg = Release|Any CPU
		{07B84540-3BAC-480B-91B6-78E41F90E223}.Release|Any CPU.Build.0 = Release|Any CPU
	EndGlobalSection
	GlobalSection(SolutionProperties) = preSolution
		HideSolutionNode = FALSE
	EndGlobalSection
	GlobalSection(ExtensibilityGlobals) = postSolution
		SolutionGuid = {B002ACC3-73D5-4CE1-9979-C69258CDC115}
	EndGlobalSection
EndGlobal
